
Microsoft Visual Studio Solution File, Format Version 12.00
# Visual Studio 2013
VisualStudioVersion = 12.0.31101.0
MinimumVisualStudioVersion = 10.0.40219.1
Project("{FAE04EC0-301F-11D3-BF4B-00C04F79EFBC}") = "TCS.LayeringDemo.BO", "TCS.LayeringDemo.BO\TCS.LayeringDemo.BO.csproj", "{2F209C27-0841-4129-BDF6-23268BC97175}"
EndProject
Project("{FAE04EC0-301F-11D3-BF4B-00C04F79EFBC}") = "TCS.LayeringDemo.BLL", "TCS.LayeringDemo.BLL\TCS.LayeringDemo.BLL.csproj", "{8297AA3A-3CC9-4BC9-8848-809B7E75545D}"
EndProject
Project("{FAE04EC0-301F-11D3-BF4B-00C04F79EFBC}") = "TCS.LayeringDemo.DAL", "TCS.LayeringDemo.DAL\TCS.LayeringDemo.DAL.csproj", "{FE5A90CD-999D-4821-9401-0F9CAD29E17F}"
EndProject
Project("{FAE04EC0-301F-11D3-BF4B-00C04F79EFBC}") = "TCS.LayeringDemo.UI", "TCS.LayeringDemo.UI\TCS.LayeringDemo.UI.csproj", "{0EC907C7-DE91-47B5-B7E9-4786E4FF178C}"
EndProject
Global
	GlobalSection(SolutionConfigurationPlatforms) = preSolution
		Debug|Any CPU = Debug|Any CPU
		Release|Any CPU = Release|Any CPU
	EndGlobalSection
	GlobalSection(ProjectConfigurationPlatforms) = postSolution
		{2F209C27-0841-4129-BDF6-23268BC97175}.Debug|Any CPU.ActiveCfg = Debug|Any CPU
		{2F209C27-0841-4129-BDF6-23268BC97175}.Debug|Any CPU.Build.0 = Debug|Any CPU
		{2F209C27-0841-4129-BDF6-23268BC97175}.Release|Any CPU.ActiveCfg = Release|Any CPU
		{2F209C27-0841-4129-BDF6-23268BC97175}.Release|Any CPU.Build.0 = Release|Any CPU
		{8297AA3A-3CC9-4BC9-8848-809B7E75545D}.Debug|Any CPU.ActiveCfg = Debug|Any CPU
		{8297AA3A-3CC9-4BC9-8848-809B7E75545D}.Debug|Any CPU.Build.0 = Debug|Any CPU
		{8297AA3A-3CC9-4BC9-8848-809B7E75545D}.Release|Any CPU.ActiveCfg = Release|Any CPU
		{8297AA3A-3CC9-4BC9-8848-809B7E75545D}.Release|Any CPU.Build.0 = Release|Any CPU
		{FE5A90CD-999D-4821-9401-0F9CAD29E17F}.Debug|Any CPU.ActiveCfg = Debug|Any CPU
		{FE5A90CD-999D-4821-9401-0F9CAD29E17F}.Debug|Any CPU.Build.0 = Debug|Any CPU
		{FE5A90CD-999D-4821-9401-0F9CAD29E17F}.Release|Any CPU.ActiveCfg = Release|Any CPU
		{FE5A90CD-999D-4821-9401-0F9CAD29E17F}.Release|Any CPU.Build.0 = Release|Any CPU
		{0EC907C7-DE91-47B5-B7E9-4786E4FF178C}.Debug|Any CPU.ActiveCfg = Debug|Any CPU
		{0EC907C7-DE91-47B5-B7E9-4786E4FF178C}.Debug|Any CPU.Build.0 = Debug|Any CPU
		{0EC907C7-DE91-47B5-B7E9-4786E4FF178C}.Release|Any CPU.ActiveCfg = Release|Any CPU
		{0EC907C7-DE91-47B5-B7E9-4786E4FF178C}.Release|Any CPU.Build.0 = Release|Any CPU
	EndGlobalSection
	GlobalSection(SolutionProperties) = preSolution
		HideSolutionNode = FALSE
	EndGlobalSection
EndGlobal
